
Microsoft Visual Studio Solution File, Format Version 12.00
# Visual Studio Version 16
VisualStudioVersion = 16.0.30517.126
MinimumVisualStudioVersion = 10.0.40219.1
Project("{FAE04EC0-301F-11D3-BF4B-00C04F79EFBC}") = "PlayerConfigSelection", "PlayerConfigSelection\PlayerConfigSelection.csproj", "{2CC1E8B4-F849-404B-9A9C-E315634255C7}"
EndProject
Project("{FAE04EC0-301F-11D3-BF4B-00C04F79EFBC}") = "ConfigSelection", "ConfigSelection\ConfigSelection.csproj", "{B1DEE561-323D-4AAA-AA4B-507CF1349261}"
EndProject
Project("{54435603-DBB4-11D2-8724-00A0C9A8B90C}") = "PlayerConfigSelectionSetup", "PlayerConfigSelectionSetup\PlayerConfigSelectionSetup.vdproj", "{DA40BDF2-9F77-47E5-A9F2-2FB53AF3F729}"
EndProject
Global
	GlobalSection(SolutionConfigurationPlatforms) = preSolution
		Debug|Any CPU = Debug|Any CPU
		Release|Any CPU = Release|Any CPU
	EndGlobalSection
	GlobalSection(ProjectConfigurationPlatforms) = postSolution
		{2CC1E8B4-F849-404B-9A9C-E315634255C7}.Debug|Any CPU.ActiveCfg = Debug|Any CPU
		{2CC1E8B4-F849-404B-9A9C-E315634255C7}.Debug|Any CPU.Build.0 = Debug|Any CPU
		{2CC1E8B4-F849-404B-9A9C-E315634255C7}.Release|Any CPU.ActiveCfg = Release|Any CPU
		{2CC1E8B4-F849-404B-9A9C-E315634255C7}.Release|Any CPU.Build.0 = Release|Any CPU
		{B1DEE561-323D-4AAA-AA4B-507CF1349261}.Debug|Any CPU.ActiveCfg = Debug|Any CPU
		{B1DEE561-323D-4AAA-AA4B-507CF1349261}.Debug|Any CPU.Build.0 = Debug|Any CPU
		{B1DEE561-323D-4AAA-AA4B-507CF1349261}.Release|Any CPU.ActiveCfg = Release|Any CPU
		{B1DEE561-323D-4AAA-AA4B-507CF1349261}.Release|Any CPU.Build.0 = Release|Any CPU
		{DA40BDF2-9F77-47E5-A9F2-2FB53AF3F729}.Debug|Any CPU.ActiveCfg = Debug
		{DA40BDF2-9F77-47E5-A9F2-2FB53AF3F729}.Release|Any CPU.ActiveCfg = Release
	EndGlobalSection
	GlobalSection(SolutionProperties) = preSolution
		HideSolutionNode = FALSE
	EndGlobalSection
	GlobalSection(ExtensibilityGlobals) = postSolution
		SolutionGuid = {2122A7D6-33CF-46CE-B50A-70CE6CBF86AC}
	EndGlobalSection
EndGlobal
